
Microsoft Visual Studio Solution File, Format Version 12.00
# Visual Studio 15
VisualStudioVersion = 15.0.28307.1500
MinimumVisualStudioVersion = 10.0.40219.1
Project("{8BC9CEB8-8B4A-11D0-8D11-00A0C91BC942}") = "PTM", "PTM\PTM.vcxproj", "{5B9B276D-7717-4ACE-8310-F7F859527051}"
EndProject
Global
	GlobalSection(SolutionConfigurationPlatforms) = preSolution
		Debug|x64 = Debug|x64
		Debug|x86 = Debug|x86
		Release|x64 = Release|x64
		Release|x86 = Release|x86
	EndGlobalSection
	GlobalSection(ProjectConfigurationPlatforms) = postSolution
		{5B9B276D-7717-4ACE-8310-F7F859527051}.Debug|x64.ActiveCfg = Debug|x64
		{5B9B276D-7717-4ACE-8310-F7F859527051}.Debug|x64.Build.0 = Debug|x64
		{5B9B276D-7717-4ACE-8310-F7F859527051}.Debug|x86.ActiveCfg = Debug|Win32
		{5B9B276D-7717-4ACE-8310-F7F859527051}.Debug|x86.Build.0 = Debug|Win32
		{5B9B276D-7717-4ACE-8310-F7F859527051}.Release|x64.ActiveCfg = Release|x64
		{5B9B276D-7717-4ACE-8310-F7F859527051}.Release|x64.Build.0 = Release|x64
		{5B9B276D-7717-4ACE-8310-F7F859527051}.Release|x86.ActiveCfg = Release|Win32
		{5B9B276D-7717-4ACE-8310-F7F859527051}.Release|x86.Build.0 = Release|Win32
	EndGlobalSection
	GlobalSection(SolutionProperties) = preSolution
		HideSolutionNode = FALSE
	EndGlobalSection
	GlobalSection(ExtensibilityGlobals) = postSolution
		SolutionGuid = {A456F60C-E2BC-4BA1-8E32-5092F3E5EEDD}
	EndGlobalSection
EndGlobal
