<?xml version="1.0" encoding="utf-8"?>
<Project ToolsVersion="4.0" xmlns="http://schemas.microsoft.com/developer/msbuild/2003">
  <ItemGroup>
    <ClCompile Include="Main.cpp" />
    <ClCompile Include="Machine.cpp" />
    <ClCompile Include="Compiler.cpp" />
    <ClCompile Include="Program.cpp" />
    <ClCompile Include="Command.cpp" />
    <ClCompile Include="ScreenBuffer.cpp" />
  </ItemGroup>
  <ItemGroup>
    <ClInclude Include="Machine.h" />
    <ClInclude Include="Compiler.h" />
    <ClInclude Include="Program.h" />
    <ClInclude Include="Command.h" />
    <ClInclude Include="resource.h">
      <Filter>Resources</Filter>
    </ClInclude>
    <ClInclude Include="ScreenBuffer.h" />
  </ItemGroup>
  <ItemGroup>
    <Filter Include="Resources">
      <UniqueIdentifier>{6730cd6e-7bf5-43f7-9697-274d3bae40bb}</UniqueIdentifier>
    </Filter>
  </ItemGroup>
  <ItemGroup>
    <ResourceCompile Include="PTM.rc">
      <Filter>Resources</Filter>
    </ResourceCompile>
  </ItemGroup>
</Project>